
Microsoft Visual Studio Solution File, Format Version 12.00
# Visual Studio Version 17
VisualStudioVersion = 17.0.31919.166
MinimumVisualStudioVersion = 10.0.40219.1
Project("{9A19103F-16F7-4668-BE54-9A1E7A4F7556}") = "Sas.Mathematica", "Sas.Marthematica\Sas.Mathematica.csproj", "{1365FFBF-B444-4DDC-A522-04587FC5C46E}"
EndProject
Project("{9A19103F-16F7-4668-BE54-9A1E7A4F7556}") = "Sas.Sandbox", "Sas.Sandbox\Sas.Sandbox.csproj", "{820D5D95-9B9D-443E-B52C-5CAE36C29844}"
EndProject
Project("{9A19103F-16F7-4668-BE54-9A1E7A4F7556}") = "Sas.BodySystem", "Sas.SolarSystem\Sas.BodySystem.csproj", "{78E75EEA-5BBD-447F-9551-34509D4A1731}"
EndProject
Project("{9A19103F-16F7-4668-BE54-9A1E7A4F7556}") = "Sas.GraphicRepresentation", "Sas.GraphicRepresentation\Sas.GraphicRepresentation.csproj", "{7112F398-4993-4B9E-AA07-7CFA329C9D68}"
EndProject
Project("{9A19103F-16F7-4668-BE54-9A1E7A4F7556}") = "Sas.BodyDatabase", "Sas.Database\Sas.BodyDatabase.csproj", "{9136DAAD-0216-4601-91D2-0F25856E6996}"
EndProject
Project("{9A19103F-16F7-4668-BE54-9A1E7A4F7556}") = "Sas.Web", "Sas.Web\Sas.Web.csproj", "{D5E41C80-2135-45A8-A4CC-43180478E3CA}"
EndProject
Project("{9A19103F-16F7-4668-BE54-9A1E7A4F7556}") = "Sas.DataAccessLayer", "Sas.DataAccessLayer\Sas.DataAccessLayer.csproj", "{A13C5303-C4F1-4F26-B381-125365BF00FB}"
EndProject
Global
	GlobalSection(SolutionConfigurationPlatforms) = preSolution
		Debug|Any CPU = Debug|Any CPU
		Release|Any CPU = Release|Any CPU
	EndGlobalSection
	GlobalSection(ProjectConfigurationPlatforms) = postSolution
		{1365FFBF-B444-4DDC-A522-04587FC5C46E}.Debug|Any CPU.ActiveCfg = Debug|Any CPU
		{1365FFBF-B444-4DDC-A522-04587FC5C46E}.Debug|Any CPU.Build.0 = Debug|Any CPU
		{1365FFBF-B444-4DDC-A522-04587FC5C46E}.Release|Any CPU.ActiveCfg = Release|Any CPU
		{1365FFBF-B444-4DDC-A522-04587FC5C46E}.Release|Any CPU.Build.0 = Release|Any CPU
		{820D5D95-9B9D-443E-B52C-5CAE36C29844}.Debug|Any CPU.ActiveCfg = Debug|Any CPU
		{820D5D95-9B9D-443E-B52C-5CAE36C29844}.Debug|Any CPU.Build.0 = Debug|Any CPU
		{820D5D95-9B9D-443E-B52C-5CAE36C29844}.Release|Any CPU.ActiveCfg = Release|Any CPU
		{820D5D95-9B9D-443E-B52C-5CAE36C29844}.Release|Any CPU.Build.0 = Release|Any CPU
		{78E75EEA-5BBD-447F-9551-34509D4A1731}.Debug|Any CPU.ActiveCfg = Debug|Any CPU
		{78E75EEA-5BBD-447F-9551-34509D4A1731}.Debug|Any CPU.Build.0 = Debug|Any CPU
		{78E75EEA-5BBD-447F-9551-34509D4A1731}.Release|Any CPU.ActiveCfg = Release|Any CPU
		{78E75EEA-5BBD-447F-9551-34509D4A1731}.Release|Any CPU.Build.0 = Release|Any CPU
		{7112F398-4993-4B9E-AA07-7CFA329C9D68}.Debug|Any CPU.ActiveCfg = Debug|Any CPU
		{7112F398-4993-4B9E-AA07-7CFA329C9D68}.Debug|Any CPU.Build.0 = Debug|Any CPU
		{7112F398-4993-4B9E-AA07-7CFA329C9D68}.Release|Any CPU.ActiveCfg = Release|Any CPU
		{7112F398-4993-4B9E-AA07-7CFA329C9D68}.Release|Any CPU.Build.0 = Release|Any CPU
		{9136DAAD-0216-4601-91D2-0F25856E6996}.Debug|Any CPU.ActiveCfg = Debug|Any CPU
		{9136DAAD-0216-4601-91D2-0F25856E6996}.Debug|Any CPU.Build.0 = Debug|Any CPU
		{9136DAAD-0216-4601-91D2-0F25856E6996}.Release|Any CPU.ActiveCfg = Release|Any CPU
		{9136DAAD-0216-4601-91D2-0F25856E6996}.Release|Any CPU.Build.0 = Release|Any CPU
		{D5E41C80-2135-45A8-A4CC-43180478E3CA}.Debug|Any CPU.ActiveCfg = Debug|Any CPU
		{D5E41C80-2135-45A8-A4CC-43180478E3CA}.Debug|Any CPU.Build.0 = Debug|Any CPU
		{D5E41C80-2135-45A8-A4CC-43180478E3CA}.Release|Any CPU.ActiveCfg = Release|Any CPU
		{D5E41C80-2135-45A8-A4CC-43180478E3CA}.Release|Any CPU.Build.0 = Release|Any CPU
		{A13C5303-C4F1-4F26-B381-125365BF00FB}.Debug|Any CPU.ActiveCfg = Debug|Any CPU
		{A13C5303-C4F1-4F26-B381-125365BF00FB}.Debug|Any CPU.Build.0 = Debug|Any CPU
		{A13C5303-C4F1-4F26-B381-125365BF00FB}.Release|Any CPU.ActiveCfg = Release|Any CPU
		{A13C5303-C4F1-4F26-B381-125365BF00FB}.Release|Any CPU.Build.0 = Release|Any CPU
	EndGlobalSection
	GlobalSection(SolutionProperties) = preSolution
		HideSolutionNode = FALSE
	EndGlobalSection
	GlobalSection(ExtensibilityGlobals) = postSolution
		SolutionGuid = {134514F9-9E28-4183-AB9F-4B8B84DAC997}
	EndGlobalSection
EndGlobal
