
Microsoft Visual Studio Solution File, Format Version 12.00
# Visual Studio Version 17
VisualStudioVersion = 17.0.31919.166
MinimumVisualStudioVersion = 10.0.40219.1
Project("{9A19103F-16F7-4668-BE54-9A1E7A4F7556}") = "Sas.Domain", "Common\Sas.Domain\Sas.Domain.csproj", "{0A0DAD26-BA32-4058-9DFC-B6FC6A1C3C81}"
EndProject
Project("{9A19103F-16F7-4668-BE54-9A1E7A4F7556}") = "Sas.Sandbox.Process", "Processes\Sas.Sandbox.Process\Sas.Sandbox.Process.csproj", "{D970756A-0F1C-4319-9724-F879464FB963}"
EndProject
Project("{9A19103F-16F7-4668-BE54-9A1E7A4F7556}") = "Sas.Astronomy.Service", "Services\Sas.Astronomy.Service\Sas.Astronomy.Service.csproj", "{71F2E551-145D-49C5-BF90-0E8AE728F901}"
EndProject
Project("{9A19103F-16F7-4668-BE54-9A1E7A4F7556}") = "Sas.SolarSystem.Service", "Services\Sas.SolarSystem.Service\Sas.SolarSystem.Service.csproj", "{651C6B24-AA78-49F0-A3ED-974D744F29AD}"
EndProject
Project("{9A19103F-16F7-4668-BE54-9A1E7A4F7556}") = "Sas.BodySystem", "Sas.SolarSystem\Sas.BodySystem.csproj", "{8C012839-BF4B-43BD-80EA-E646288B30E2}"
EndProject
Project("{9A19103F-16F7-4668-BE54-9A1E7A4F7556}") = "Sas.Mathematica", "Common\Sas.Mathematica\Sas.Mathematica.csproj", "{D526E4F1-BB3A-4FA5-98CD-2420EEE726F4}"
EndProject
Project("{FAE04EC0-301F-11D3-BF4B-00C04F79EFBC}") = "Sas.SolarSystem.Application", "Sas.SolarSystem.Application\Sas.SolarSystem.Application.csproj", "{C7D8278D-47C2-4E00-AE84-1F86F65E0761}"
EndProject
Global
	GlobalSection(SolutionConfigurationPlatforms) = preSolution
		Debug|Any CPU = Debug|Any CPU
		Release|Any CPU = Release|Any CPU
	EndGlobalSection
	GlobalSection(ProjectConfigurationPlatforms) = postSolution
		{0A0DAD26-BA32-4058-9DFC-B6FC6A1C3C81}.Debug|Any CPU.ActiveCfg = Debug|Any CPU
		{0A0DAD26-BA32-4058-9DFC-B6FC6A1C3C81}.Debug|Any CPU.Build.0 = Debug|Any CPU
		{0A0DAD26-BA32-4058-9DFC-B6FC6A1C3C81}.Release|Any CPU.ActiveCfg = Release|Any CPU
		{0A0DAD26-BA32-4058-9DFC-B6FC6A1C3C81}.Release|Any CPU.Build.0 = Release|Any CPU
		{D970756A-0F1C-4319-9724-F879464FB963}.Debug|Any CPU.ActiveCfg = Debug|Any CPU
		{D970756A-0F1C-4319-9724-F879464FB963}.Debug|Any CPU.Build.0 = Debug|Any CPU
		{D970756A-0F1C-4319-9724-F879464FB963}.Release|Any CPU.ActiveCfg = Release|Any CPU
		{D970756A-0F1C-4319-9724-F879464FB963}.Release|Any CPU.Build.0 = Release|Any CPU
		{71F2E551-145D-49C5-BF90-0E8AE728F901}.Debug|Any CPU.ActiveCfg = Debug|Any CPU
		{71F2E551-145D-49C5-BF90-0E8AE728F901}.Debug|Any CPU.Build.0 = Debug|Any CPU
		{71F2E551-145D-49C5-BF90-0E8AE728F901}.Release|Any CPU.ActiveCfg = Release|Any CPU
		{71F2E551-145D-49C5-BF90-0E8AE728F901}.Release|Any CPU.Build.0 = Release|Any CPU
		{651C6B24-AA78-49F0-A3ED-974D744F29AD}.Debug|Any CPU.ActiveCfg = Debug|Any CPU
		{651C6B24-AA78-49F0-A3ED-974D744F29AD}.Debug|Any CPU.Build.0 = Debug|Any CPU
		{651C6B24-AA78-49F0-A3ED-974D744F29AD}.Release|Any CPU.ActiveCfg = Release|Any CPU
		{651C6B24-AA78-49F0-A3ED-974D744F29AD}.Release|Any CPU.Build.0 = Release|Any CPU
		{8C012839-BF4B-43BD-80EA-E646288B30E2}.Debug|Any CPU.ActiveCfg = Debug|Any CPU
		{8C012839-BF4B-43BD-80EA-E646288B30E2}.Debug|Any CPU.Build.0 = Debug|Any CPU
		{8C012839-BF4B-43BD-80EA-E646288B30E2}.Release|Any CPU.ActiveCfg = Release|Any CPU
		{8C012839-BF4B-43BD-80EA-E646288B30E2}.Release|Any CPU.Build.0 = Release|Any CPU
		{D526E4F1-BB3A-4FA5-98CD-2420EEE726F4}.Debug|Any CPU.ActiveCfg = Debug|Any CPU
		{D526E4F1-BB3A-4FA5-98CD-2420EEE726F4}.Debug|Any CPU.Build.0 = Debug|Any CPU
		{D526E4F1-BB3A-4FA5-98CD-2420EEE726F4}.Release|Any CPU.ActiveCfg = Release|Any CPU
		{D526E4F1-BB3A-4FA5-98CD-2420EEE726F4}.Release|Any CPU.Build.0 = Release|Any CPU
		{C7D8278D-47C2-4E00-AE84-1F86F65E0761}.Debug|Any CPU.ActiveCfg = Debug|Any CPU
		{C7D8278D-47C2-4E00-AE84-1F86F65E0761}.Debug|Any CPU.Build.0 = Debug|Any CPU
		{C7D8278D-47C2-4E00-AE84-1F86F65E0761}.Release|Any CPU.ActiveCfg = Release|Any CPU
		{C7D8278D-47C2-4E00-AE84-1F86F65E0761}.Release|Any CPU.Build.0 = Release|Any CPU
	EndGlobalSection
	GlobalSection(SolutionProperties) = preSolution
		HideSolutionNode = FALSE
	EndGlobalSection
	GlobalSection(ExtensibilityGlobals) = postSolution
		SolutionGuid = {134514F9-9E28-4183-AB9F-4B8B84DAC997}
	EndGlobalSection
EndGlobal
